
Microsoft Visual Studio Solution File, Format Version 12.00
# Visual Studio Version 17
VisualStudioVersion = 17.6.33723.286
MinimumVisualStudioVersion = 10.0.40219.1
Project("{FAE04EC0-301F-11D3-BF4B-00C04F79EFBC}") = "StatsApp", "StatsApp\StatsApp.csproj", "{B397D20C-5F89-4374-86D2-8AC24292435A}"
EndProject
Global
	GlobalSection(SolutionConfigurationPlatforms) = preSolution
		Debug|Any CPU = Debug|Any CPU
		Release|Any CPU = Release|Any CPU
	EndGlobalSection
	GlobalSection(ProjectConfigurationPlatforms) = postSolution
		{B397D20C-5F89-4374-86D2-8AC24292435A}.Debug|Any CPU.ActiveCfg = Debug|Any CPU
		{B397D20C-5F89-4374-86D2-8AC24292435A}.Debug|Any CPU.Build.0 = Debug|Any CPU
		{B397D20C-5F89-4374-86D2-8AC24292435A}.Release|Any CPU.ActiveCfg = Release|Any CPU
		{B397D20C-5F89-4374-86D2-8AC24292435A}.Release|Any CPU.Build.0 = Release|Any CPU
	EndGlobalSection
	GlobalSection(SolutionProperties) = preSolution
		HideSolutionNode = FALSE
	EndGlobalSection
	GlobalSection(ExtensibilityGlobals) = postSolution
		SolutionGuid = {A20718F9-B5CB-4AC6-A358-F1F40FABD661}
	EndGlobalSection
EndGlobal
